// !$*UTF8*$!
{
	archiveVersion = 1;
	classes = {
	};
	objectVersion = 46;
	objects = {

/* Begin PBXBuildFile section */
		1B8514A119B25A41005A7431 /* Foundation.framework in Frameworks */ = {isa = PBXBuildFile; fileRef = 1B8514A019B25A41005A7431 /* Foundation.framework */; };
		1B8514A319B25A41005A7431 /* CoreGraphics.framework in Frameworks */ = {isa = PBXBuildFile; fileRef = 1B8514A219B25A41005A7431 /* CoreGraphics.framework */; };
		1B8514A519B25A41005A7431 /* UIKit.framework in Frameworks */ = {isa = PBXBuildFile; fileRef = 1B8514A419B25A41005A7431 /* UIKit.framework */; };
		1B8514AB19B25A41005A7431 /* InfoPlist.strings in Resources */ = {isa = PBXBuildFile; fileRef = 1B8514A919B25A41005A7431 /* InfoPlist.strings */; };
		1B8514AD19B25A41005A7431 /* main.m in Sources */ = {isa = PBXBuildFile; fileRef = 1B8514AC19B25A41005A7431 /* main.m */; };
		1B8514B119B25A41005A7431 /* AppDelegate.m in Sources */ = {isa = PBXBuildFile; fileRef = 1B8514B019B25A41005A7431 /* AppDelegate.m */; };
		1B8514B419B25A41005A7431 /* Main.storyboard in Resources */ = {isa = PBXBuildFile; fileRef = 1B8514B219B25A41005A7431 /* Main.storyboard */; };
		1B8514B719B25A41005A7431 /* ViewController.m in Sources */ = {isa = PBXBuildFile; fileRef = 1B8514B619B25A41005A7431 /* ViewController.m */; };
		1B8514B919B25A41005A7431 /* Images.xcassets in Resources */ = {isa = PBXBuildFile; fileRef = 1B8514B819B25A41005A7431 /* Images.xcassets */; };
		1B8514C019B25A41005A7431 /* XCTest.framework in Frameworks */ = {isa = PBXBuildFile; fileRef = 1B8514BF19B25A41005A7431 /* XCTest.framework */; };
		1B8514C119B25A41005A7431 /* Foundation.framework in Frameworks */ = {isa = PBXBuildFile; fileRef = 1B8514A019B25A41005A7431 /* Foundation.framework */; };
		1B8514C219B25A41005A7431 /* UIKit.framework in Frameworks */ = {isa = PBXBuildFile; fileRef = 1B8514A419B25A41005A7431 /* UIKit.framework */; };
		1B8514CA19B25A41005A7431 /* InfoPlist.strings in Resources */ = {isa = PBXBuildFile; fileRef = 1B8514C819B25A41005A7431 /* InfoPlist.strings */; };
		1B8514CC19B25A41005A7431 /* OfflinerTests.m in Sources */ = {isa = PBXBuildFile; fileRef = 1B8514CB19B25A41005A7431 /* OfflinerTests.m */; };
/* End PBXBuildFile section */

/* Begin PBXContainerItemProxy section */
		1B8514C319B25A41005A7431 /* PBXContainerItemProxy */ = {
			isa = PBXContainerItemProxy;
			containerPortal = 1B85149519B25A41005A7431 /* Project object */;
			proxyType = 1;
			remoteGlobalIDString = 1B85149C19B25A41005A7431;
			remoteInfo = Offliner;
		};
/* End PBXContainerItemProxy section */

/* Begin PBXFileReference section */
		1B85149D19B25A41005A7431 /* Offliner.app */ = {isa = PBXFileReference; explicitFileType = wrapper.application; includeInIndex = 0; path = Offliner.app; sourceTree = BUILT_PRODUCTS_DIR; };
		1B8514A019B25A41005A7431 /* Foundation.framework */ = {isa = PBXFileReference; lastKnownFileType = wrapper.framework; name = Foundation.framework; path = System/Library/Frameworks/Foundation.framework; sourceTree = SDKROOT; };
		1B8514A219B25A41005A7431 /* CoreGraphics.framework */ = {isa = PBXFileReference; lastKnownFileType = wrapper.framework; name = CoreGraphics.framework; path = System/Library/Frameworks/CoreGraphics.framework; sourceTree = SDKROOT; };
		1B8514A419B25A41005A7431 /* UIKit.framework */ = {isa = PBXFileReference; lastKnownFileType = wrapper.framework; name = UIKit.framework; path = System/Library/Frameworks/UIKit.framework; sourceTree = SDKROOT; };
		1B8514A819B25A41005A7431 /* Offliner-Info.plist */ = {isa = PBXFileReference; lastKnownFileType = text.plist.xml; path = "Offliner-Info.plist"; sourceTree = "<group>"; };
		1B8514AA19B25A41005A7431 /* en */ = {isa = PBXFileReference; lastKnownFileType = text.plist.strings; name = en; path = en.lproj/InfoPlist.strings; sourceTree = "<group>"; };
		1B8514AC19B25A41005A7431 /* main.m */ = {isa = PBXFileReference; lastKnownFileType = sourcecode.c.objc; path = main.m; sourceTree = "<group>"; };
		1B8514AE19B25A41005A7431 /* Offliner-Prefix.pch */ = {isa = PBXFileReference; lastKnownFileType = sourcecode.c.h; path = "Offliner-Prefix.pch"; sourceTree = "<group>"; };
		1B8514AF19B25A41005A7431 /* AppDelegate.h */ = {isa = PBXFileReference; lastKnownFileType = sourcecode.c.h; path = AppDelegate.h; sourceTree = "<group>"; };
		1B8514B019B25A41005A7431 /* AppDelegate.m */ = {isa = PBXFileReference; lastKnownFileType = sourcecode.c.objc; path = AppDelegate.m; sourceTree = "<group>"; };
		1B8514B319B25A41005A7431 /* Base */ = {isa = PBXFileReference; lastKnownFileType = file.storyboard; name = Base; path = Base.lproj/Main.storyboard; sourceTree = "<group>"; };
		1B8514B519B25A41005A7431 /* ViewController.h */ = {isa = PBXFileReference; lastKnownFileType = sourcecode.c.h; path = ViewController.h; sourceTree = "<group>"; };
		1B8514B619B25A41005A7431 /* ViewController.m */ = {isa = PBXFileReference; lastKnownFileType = sourcecode.c.objc; path = ViewController.m; sourceTree = "<group>"; };
		1B8514B819B25A41005A7431 /* Images.xcassets */ = {isa = PBXFileReference; lastKnownFileType = folder.assetcatalog; path = Images.xcassets; sourceTree = "<group>"; };
		1B8514BE19B25A41005A7431 /* OfflinerTests.xctest */ = {isa = PBXFileReference; explicitFileType = wrapper.cfbundle; includeInIndex = 0; path = OfflinerTests.xctest; sourceTree = BUILT_PRODUCTS_DIR; };
		1B8514BF19B25A41005A7431 /* XCTest.framework */ = {isa = PBXFileReference; lastKnownFileType = wrapper.framework; name = XCTest.framework; path = Library/Frameworks/XCTest.framework; sourceTree = DEVELOPER_DIR; };
		1B8514C719B25A41005A7431 /* OfflinerTests-Info.plist */ = {isa = PBXFileReference; lastKnownFileType = text.plist.xml; path = "OfflinerTests-Info.plist"; sourceTree = "<group>"; };
		1B8514C919B25A41005A7431 /* en */ = {isa = PBXFileReference; lastKnownFileType = text.plist.strings; name = en; path = en.lproj/InfoPlist.strings; sourceTree = "<group>"; };
		1B8514CB19B25A41005A7431 /* OfflinerTests.m */ = {isa = PBXFileReference; lastKnownFileType = sourcecode.c.objc; path = OfflinerTests.m; sourceTree = "<group>"; };
/* End PBXFileReference section */

/* Begin PBXFrameworksBuildPhase section */
		1B85149A19B25A41005A7431 /* Frameworks */ = {
			isa = PBXFrameworksBuildPhase;
			buildActionMask = 2147483647;
			files = (
				1B8514A319B25A41005A7431 /* CoreGraphics.framework in Frameworks */,
				1B8514A519B25A41005A7431 /* UIKit.framework in Frameworks */,
				1B8514A119B25A41005A7431 /* Foundation.framework in Frameworks */,
			);
			runOnlyForDeploymentPostprocessing = 0;
		};
		1B8514BB19B25A41005A7431 /* Frameworks */ = {
			isa = PBXFrameworksBuildPhase;
			buildActionMask = 2147483647;
			files = (
				1B8514C019B25A41005A7431 /* XCTest.framework in Frameworks */,
				1B8514C219B25A41005A7431 /* UIKit.framework in Frameworks */,
				1B8514C119B25A41005A7431 /* Foundation.framework in Frameworks */,
			);
			runOnlyForDeploymentPostprocessing = 0;
		};
/* End PBXFrameworksBuildPhase section */

/* Begin PBXGroup section */
		1B85149419B25A41005A7431 = {
			isa = PBXGroup;
			children = (
				1B8514A619B25A41005A7431 /* Offliner */,
				1B8514C519B25A41005A7431 /* OfflinerTests */,
				1B85149F19B25A41005A7431 /* Frameworks */,
				1B85149E19B25A41005A7431 /* Products */,
			);
			sourceTree = "<group>";
		};
		1B85149E19B25A41005A7431 /* Products */ = {
			isa = PBXGroup;
			children = (
				1B85149D19B25A41005A7431 /* Offliner.app */,
				1B8514BE19B25A41005A7431 /* OfflinerTests.xctest */,
			);
			name = Products;
			sourceTree = "<group>";
		};
		1B85149F19B25A41005A7431 /* Frameworks */ = {
			isa = PBXGroup;
			children = (
				1B8514A019B25A41005A7431 /* Foundation.framework */,
				1B8514A219B25A41005A7431 /* CoreGraphics.framework */,
				1B8514A419B25A41005A7431 /* UIKit.framework */,
				1B8514BF19B25A41005A7431 /* XCTest.framework */,
			);
			name = Frameworks;
			sourceTree = "<group>";
		};
		1B8514A619B25A41005A7431 /* Offliner */ = {
			isa = PBXGroup;
			children = (
				1B8514AF19B25A41005A7431 /* AppDelegate.h */,
				1B8514B019B25A41005A7431 /* AppDelegate.m */,
				1B8514B219B25A41005A7431 /* Main.storyboard */,
				1B8514B519B25A41005A7431 /* ViewController.h */,
				1B8514B619B25A41005A7431 /* ViewController.m */,
				1B8514B819B25A41005A7431 /* Images.xcassets */,
				1B8514A719B25A41005A7431 /* Supporting Files */,
			);
			path = Offliner;
			sourceTree = "<group>";
		};
		1B8514A719B25A41005A7431 /* Supporting Files */ = {
			isa = PBXGroup;
			children = (
				1B8514A819B25A41005A7431 /* Offliner-Info.plist */,
				1B8514A919B25A41005A7431 /* InfoPlist.strings */,
				1B8514AC19B25A41005A7431 /* main.m */,
				1B8514AE19B25A41005A7431 /* Offliner-Prefix.pch */,
			);
			name = "Supporting Files";
			sourceTree = "<group>";
		};
		1B8514C519B25A41005A7431 /* OfflinerTests */ = {
			isa = PBXGroup;
			children = (
				1B8514CB19B25A41005A7431 /* OfflinerTests.m */,
				1B8514C619B25A41005A7431 /* Supporting Files */,
			);
			path = OfflinerTests;
			sourceTree = "<group>";
		};
		1B8514C619B25A41005A7431 /* Supporting Files */ = {
			isa = PBXGroup;
			children = (
				1B8514C719B25A41005A7431 /* OfflinerTests-Info.plist */,
				1B8514C819B25A41005A7431 /* InfoPlist.strings */,
			);
			name = "Supporting Files";
			sourceTree = "<group>";
		};
/* End PBXGroup section */

/* Begin PBXNativeTarget section */
		1B85149C19B25A41005A7431 /* Offliner */ = {
			isa = PBXNativeTarget;
			buildConfigurationList = 1B8514CF19B25A41005A7431 /* Build configuration list for PBXNativeTarget "Offliner" */;
			buildPhases = (
				1B85149919B25A41005A7431 /* Sources */,
				1B85149A19B25A41005A7431 /* Frameworks */,
				1B85149B19B25A41005A7431 /* Resources */,
			);
			buildRules = (
			);
			dependencies = (
			);
			name = Offliner;
			productName = Offliner;
			productReference = 1B85149D19B25A41005A7431 /* Offliner.app */;
			productType = "com.apple.product-type.application";
		};
		1B8514BD19B25A41005A7431 /* OfflinerTests */ = {
			isa = PBXNativeTarget;
			buildConfigurationList = 1B8514D219B25A41005A7431 /* Build configuration list for PBXNativeTarget "OfflinerTests" */;
			buildPhases = (
				1B8514BA19B25A41005A7431 /* Sources */,
				1B8514BB19B25A41005A7431 /* Frameworks */,
				1B8514BC19B25A41005A7431 /* Resources */,
			);
			buildRules = (
			);
			dependencies = (
				1B8514C419B25A41005A7431 /* PBXTargetDependency */,
			);
			name = OfflinerTests;
			productName = OfflinerTests;
			productReference = 1B8514BE19B25A41005A7431 /* OfflinerTests.xctest */;
			productType = "com.apple.product-type.bundle.unit-test";
		};
/* End PBXNativeTarget section */

/* Begin PBXProject section */
		1B85149519B25A41005A7431 /* Project object */ = {
			isa = PBXProject;
			attributes = {
				LastUpgradeCheck = 0510;
				ORGANIZATIONNAME = "Dan Zinngrabe";
				TargetAttributes = {
					1B8514BD19B25A41005A7431 = {
						TestTargetID = 1B85149C19B25A41005A7431;
					};
				};
			};
			buildConfigurationList = 1B85149819B25A41005A7431 /* Build configuration list for PBXProject "Offliner" */;
			compatibilityVersion = "Xcode 3.2";
			developmentRegion = English;
			hasScannedForEncodings = 0;
			knownRegions = (
				en,
				Base,
			);
			mainGroup = 1B85149419B25A41005A7431;
			productRefGroup = 1B85149E19B25A41005A7431 /* Products */;
			projectDirPath = "";
			projectRoot = "";
			targets = (
				1B85149C19B25A41005A7431 /* Offliner */,
				1B8514BD19B25A41005A7431 /* OfflinerTests */,
			);
		};
/* End PBXProject section */

/* Begin PBXResourcesBuildPhase section */
		1B85149B19B25A41005A7431 /* Resources */ = {
			isa = PBXResourcesBuildPhase;
			buildActionMask = 2147483647;
			files = (
				1B8514B919B25A41005A7431 /* Images.xcassets in Resources */,
				1B8514AB19B25A41005A7431 /* InfoPlist.strings in Resources */,
				1B8514B419B25A41005A7431 /* Main.storyboard in Resources */,
			);
			runOnlyForDeploymentPostprocessing = 0;
		};
		1B8514BC19B25A41005A7431 /* Resources */ = {
			isa = PBXResourcesBuildPhase;
			buildActionMask = 2147483647;
			files = (
				1B8514CA19B25A41005A7431 /* InfoPlist.strings in Resources */,
			);
			runOnlyForDeploymentPostprocessing = 0;
		};
/* End PBXResourcesBuildPhase section */

/* Begin PBXSourcesBuildPhase section */
		1B85149919B25A41005A7431 /* Sources */ = {
			isa = PBXSourcesBuildPhase;
			buildActionMask = 2147483647;
			files = (
				1B8514B719B25A41005A7431 /* ViewController.m in Sources */,
				1B8514B119B25A41005A7431 /* AppDelegate.m in Sources */,
				1B8514AD19B25A41005A7431 /* main.m in Sources */,
			);
			runOnlyForDeploymentPostprocessing = 0;
		};
		1B8514BA19B25A41005A7431 /* Sources */ = {
			isa = PBXSourcesBuildPhase;
			buildActionMask = 2147483647;
			files = (
				1B8514CC19B25A41005A7431 /* OfflinerTests.m in Sources */,
			);
			runOnlyForDeploymentPostprocessing = 0;
		};
/* End PBXSourcesBuildPhase section */

/* Begin PBXTargetDependency section */
		1B8514C419B25A41005A7431 /* PBXTargetDependency */ = {
			isa = PBXTargetDependency;
			target = 1B85149C19B25A41005A7431 /* Offliner */;
			targetProxy = 1B8514C319B25A41005A7431 /* PBXContainerItemProxy */;
		};
/* End PBXTargetDependency section */

/* Begin PBXVariantGroup section */
		1B8514A919B25A41005A7431 /* InfoPlist.strings */ = {
			isa = PBXVariantGroup;
			children = (
				1B8514AA19B25A41005A7431 /* en */,
			);
			name = InfoPlist.strings;
			sourceTree = "<group>";
		};
		1B8514B219B25A41005A7431 /* Main.storyboard */ = {
			isa = PBXVariantGroup;
			children = (
				1B8514B319B25A41005A7431 /* Base */,
			);
			name = Main.storyboard;
			sourceTree = "<group>";
		};
		1B8514C819B25A41005A7431 /* InfoPlist.strings */ = {
			isa = PBXVariantGroup;
			children = (
				1B8514C919B25A41005A7431 /* en */,
			);
			name = InfoPlist.strings;
			sourceTree = "<group>";
		};
/* End PBXVariantGroup section */

/* Begin XCBuildConfiguration section */
		1B8514CD19B25A41005A7431 /* Debug */ = {
			isa = XCBuildConfiguration;
			buildSettings = {
				ALWAYS_SEARCH_USER_PATHS = NO;
				CLANG_CXX_LANGUAGE_STANDARD = "gnu++0x";
				CLANG_CXX_LIBRARY = "libc++";
				CLANG_ENABLE_MODULES = YES;
				CLANG_ENABLE_OBJC_ARC = YES;
				CLANG_WARN_BOOL_CONVERSION = YES;
				CLANG_WARN_CONSTANT_CONVERSION = YES;
				CLANG_WARN_DIRECT_OBJC_ISA_USAGE = YES_ERROR;
				CLANG_WARN_EMPTY_BODY = YES;
				CLANG_WARN_ENUM_CONVERSION = YES;
				CLANG_WARN_INT_CONVERSION = YES;
				CLANG_WARN_OBJC_ROOT_CLASS = YES_ERROR;
				CLANG_WARN__DUPLICATE_METHOD_MATCH = YES;
				"CODE_SIGN_IDENTITY[sdk=iphoneos*]" = "iPhone Developer";
				COPY_PHASE_STRIP = NO;
				GCC_C_LANGUAGE_STANDARD = gnu99;
				GCC_DYNAMIC_NO_PIC = NO;
				GCC_OPTIMIZATION_LEVEL = 0;
				GCC_PREPROCESSOR_DEFINITIONS = (
					"DEBUG=1",
					"$(inherited)",
				);
				GCC_SYMBOLS_PRIVATE_EXTERN = NO;
				GCC_WARN_64_TO_32_BIT_CONVERSION = YES;
				GCC_WARN_ABOUT_RETURN_TYPE = YES_ERROR;
				GCC_WARN_UNDECLARED_SELECTOR = YES;
				GCC_WARN_UNINITIALIZED_AUTOS = YES_AGGRESSIVE;
				GCC_WARN_UNUSED_FUNCTION = YES;
				GCC_WARN_UNUSED_VARIABLE = YES;
				IPHONEOS_DEPLOYMENT_TARGET = 7.1;
				ONLY_ACTIVE_ARCH = YES;
				SDKROOT = iphoneos;
			};
			name = Debug;
		};
		1B8514CE19B25A41005A7431 /* Release */ = {
			isa = XCBuildConfiguration;
			buildSettings = {
				ALWAYS_SEARCH_USER_PATHS = NO;
				CLANG_CXX_LANGUAGE_STANDARD = "gnu++0x";
				CLANG_CXX_LIBRARY = "libc++";
				CLANG_ENABLE_MODULES = YES;
				CLANG_ENABLE_OBJC_ARC = YES;
				CLANG_WARN_BOOL_CONVERSION = YES;
				CLANG_WARN_CONSTANT_CONVERSION = YES;
				CLANG_WARN_DIRECT_OBJC_ISA_USAGE = YES_ERROR;
				CLANG_WARN_EMPTY_BODY = YES;
				CLANG_WARN_ENUM_CONVERSION = YES;
				CLANG_WARN_INT_CONVERSION = YES;
				CLANG_WARN_OBJC_ROOT_CLASS = YES_ERROR;
				CLANG_WARN__DUPLICATE_METHOD_MATCH = YES;
				"CODE_SIGN_IDENTITY[sdk=iphoneos*]" = "iPhone Developer";
				COPY_PHASE_STRIP = YES;
				ENABLE_NS_ASSERTIONS = NO;
				GCC_C_LANGUAGE_STANDARD = gnu99;
				GCC_WARN_64_TO_32_BIT_CONVERSION = YES;
				GCC_WARN_ABOUT_RETURN_TYPE = YES_ERROR;
				GCC_WARN_UNDECLARED_SELECTOR = YES;
				GCC_WARN_UNINITIALIZED_AUTOS = YES_AGGRESSIVE;
				GCC_WARN_UNUSED_FUNCTION = YES;
				GCC_WARN_UNUSED_VARIABLE = YES;
				IPHONEOS_DEPLOYMENT_TARGET = 7.1;
				SDKROOT = iphoneos;
				VALIDATE_PRODUCT = YES;
			};
			name = Release;
		};
		1B8514D019B25A41005A7431 /* Debug */ = {
			isa = XCBuildConfiguration;
			buildSettings = {
				ASSETCATALOG_COMPILER_APPICON_NAME = AppIcon;
				ASSETCATALOG_COMPILER_LAUNCHIMAGE_NAME = LaunchImage;
				GCC_PRECOMPILE_PREFIX_HEADER = YES;
				GCC_PREFIX_HEADER = "Offliner/Offliner-Prefix.pch";
				INFOPLIST_FILE = "Offliner/Offliner-Info.plist";
				PRODUCT_NAME = "$(TARGET_NAME)";
				WRAPPER_EXTENSION = app;
			};
			name = Debug;
		};
		1B8514D119B25A41005A7431 /* Release */ = {
			isa = XCBuildConfiguration;
			buildSettings = {
				ASSETCATALOG_COMPILER_APPICON_NAME = AppIcon;
				ASSETCATALOG_COMPILER_LAUNCHIMAGE_NAME = LaunchImage;
				GCC_PRECOMPILE_PREFIX_HEADER = YES;
				GCC_PREFIX_HEADER = "Offliner/Offliner-Prefix.pch";
				INFOPLIST_FILE = "Offliner/Offliner-Info.plist";
				PRODUCT_NAME = "$(TARGET_NAME)";
				WRAPPER_EXTENSION = app;
			};
			name = Release;
		};
		1B8514D319B25A41005A7431 /* Debug */ = {
			isa = XCBuildConfiguration;
			buildSettings = {
				BUNDLE_LOADER = "$(BUILT_PRODUCTS_DIR)/Offliner.app/Offliner";
				FRAMEWORK_SEARCH_PATHS = (
					"$(SDKROOT)/Developer/Library/Frameworks",
					"$(inherited)",
					"$(DEVELOPER_FRAMEWORKS_DIR)",
				);
				GCC_PRECOMPILE_PREFIX_HEADER = YES;
				GCC_PREFIX_HEADER = "Offliner/Offliner-Prefix.pch";
				GCC_PREPROCESSOR_DEFINITIONS = (
					"DEBUG=1",
					"$(inherited)",
				);
				INFOPLIST_FILE = "OfflinerTests/OfflinerTests-Info.plist";
				PRODUCT_NAME = "$(TARGET_NAME)";
				TEST_HOST = "$(BUNDLE_LOADER)";
				WRAPPER_EXTENSION = xctest;
			};
			name = Debug;
		};
		1B8514D419B25A41005A7431 /* Release */ = {
			isa = XCBuildConfiguration;
			buildSettings = {
				BUNDLE_LOADER = "$(BUILT_PRODUCTS_DIR)/Offliner.app/Offliner";
				FRAMEWORK_SEARCH_PATHS = (
					"$(SDKROOT)/Developer/Library/Frameworks",
					"$(inherited)",
					"$(DEVELOPER_FRAMEWORKS_DIR)",
				);
				GCC_PRECOMPILE_PREFIX_HEADER = YES;
				GCC_PREFIX_HEADER = "Offliner/Offliner-Prefix.pch";
				INFOPLIST_FILE = "OfflinerTests/OfflinerTests-Info.plist";
				PRODUCT_NAME = "$(TARGET_NAME)";
				TEST_HOST = "$(BUNDLE_LOADER)";
				WRAPPER_EXTENSION = xctest;
			};
			name = Release;
		};
/* End XCBuildConfiguration section */

/* Begin XCConfigurationList section */
		1B85149819B25A41005A7431 /* Build configuration list for PBXProject "Offliner" */ = {
			isa = XCConfigurationList;
			buildConfigurations = (
				1B8514CD19B25A41005A7431 /* Debug */,
				1B8514CE19B25A41005A7431 /* Release */,
			);
			defaultConfigurationIsVisible = 0;
			defaultConfigurationName = Release;
		};
		1B8514CF19B25A41005A7431 /* Build configuration list for PBXNativeTarget "Offliner" */ = {
			isa = XCConfigurationList;
			buildConfigurations = (
				1B8514D019B25A41005A7431 /* Debug */,
				1B8514D119B25A41005A7431 /* Release */,
			);
			defaultConfigurationIsVisible = 0;
		};
		1B8514D219B25A41005A7431 /* Build configuration list for PBXNativeTarget "OfflinerTests" */ = {
			isa = XCConfigurationList;
			buildConfigurations = (
				1B8514D319B25A41005A7431 /* Debug */,
				1B8514D419B25A41005A7431 /* Release */,
			);
			defaultConfigurationIsVisible = 0;
		};
/* End XCConfigurationList section */
	};
	rootObject = 1B85149519B25A41005A7431 /* Project object */;
}
